Microsoft Visual Studio Solution File, Format Version 12.00
# Visual Studio Version 17
VisualStudioVersion = 17.5.2.0
MinimumVisualStudioVersion = 10.0.40219.1
Project("{FAE04EC0-301F-11D3-BF4B-00C04F79EFBC}") = "melbPT.API", "melbPT.API\melbPT.API.csproj", "{210F33BE-49D1-1298-887C-D5B135F9908E}"
EndProject
Global
	GlobalSection(SolutionConfigurationPlatforms) = preSolution
		Debug|Any CPU = Debug|Any CPU
		Release|Any CPU = Release|Any CPU
	EndGlobalSection
	GlobalSection(ProjectConfigurationPlatforms) = postSolution
		{210F33BE-49D1-1298-887C-D5B135F9908E}.Debug|Any CPU.ActiveCfg = Debug|Any CPU
		{210F33BE-49D1-1298-887C-D5B135F9908E}.Debug|Any CPU.Build.0 = Debug|Any CPU
		{210F33BE-49D1-1298-887C-D5B135F9908E}.Release|Any CPU.ActiveCfg = Release|Any CPU
		{210F33BE-49D1-1298-887C-D5B135F9908E}.Release|Any CPU.Build.0 = Release|Any CPU
	EndGlobalSection
	GlobalSection(SolutionProperties) = preSolution
		HideSolutionNode = FALSE
	EndGlobalSection
	GlobalSection(ExtensibilityGlobals) = postSolution
		SolutionGuid = {0DC70983-1F47-4A10-8240-600DF434B3DE}
	EndGlobalSection
EndGlobal
